// !$*UTF8*$!
{
	archiveVersion = 1;
	classes = {
	};
	objectVersion = 46;
	objects = {

/* Begin PBXBuildFile section */
		5B4D54E315B19C4900C2D299 /* UIKit.framework in Frameworks */ = {isa = PBXBuildFile; fileRef = 5B4D54E215B19C4900C2D299 /* UIKit.framework */; };
		5B4D54E515B19C4900C2D299 /* Foundation.framework in Frameworks */ = {isa = PBXBuildFile; fileRef = 5B4D54E415B19C4900C2D299 /* Foundation.framework */; };
		5B4D54E715B19C4900C2D299 /* CoreGraphics.framework in Frameworks */ = {isa = PBXBuildFile; fileRef = 5B4D54E615B19C4900C2D299 /* CoreGraphics.framework */; };
		5B4D54ED15B19C4900C2D299 /* InfoPlist.strings in Resources */ = {isa = PBXBuildFile; fileRef = 5B4D54EB15B19C4900C2D299 /* InfoPlist.strings */; };
		5B4D54EF15B19C4900C2D299 /* main.m in Sources */ = {isa = PBXBuildFile; fileRef = 5B4D54EE15B19C4900C2D299 /* main.m */; };
		5B4D54F315B19C4900C2D299 /* CalculatorAppDelegate.m in Sources */ = {isa = PBXBuildFile; fileRef = 5B4D54F215B19C4900C2D299 /* CalculatorAppDelegate.m */; };
		5B4D54F615B19C4900C2D299 /* MainStoryboard.storyboard in Resources */ = {isa = PBXBuildFile; fileRef = 5B4D54F415B19C4900C2D299 /* MainStoryboard.storyboard */; };
		5B4D54F915B19C4A00C2D299 /* CalculatorViewController.m in Sources */ = {isa = PBXBuildFile; fileRef = 5B4D54F815B19C4A00C2D299 /* CalculatorViewController.m */; };
		5B4D550115B1A8FB00C2D299 /* CalculatorBrain.m in Sources */ = {isa = PBXBuildFile; fileRef = 5B4D550015B1A8FB00C2D299 /* CalculatorBrain.m */; };
/* End PBXBuildFile section */

/* Begin PBXFileReference section */
		5B4D54DE15B19C4900C2D299 /* Calculator.app */ = {isa = PBXFileReference; explicitFileType = wrapper.application; includeInIndex = 0; path = Calculator.app; sourceTree = BUILT_PRODUCTS_DIR; };
		5B4D54E215B19C4900C2D299 /* UIKit.framework */ = {isa = PBXFileReference; lastKnownFileType = wrapper.framework; name = UIKit.framework; path = System/Library/Frameworks/UIKit.framework; sourceTree = SDKROOT; };
		5B4D54E415B19C4900C2D299 /* Foundation.framework */ = {isa = PBXFileReference; lastKnownFileType = wrapper.framework; name = Foundation.framework; path = System/Library/Frameworks/Foundation.framework; sourceTree = SDKROOT; };
		5B4D54E615B19C4900C2D299 /* CoreGraphics.framework */ = {isa = PBXFileReference; lastKnownFileType = wrapper.framework; name = CoreGraphics.framework; path = System/Library/Frameworks/CoreGraphics.framework; sourceTree = SDKROOT; };
		5B4D54EA15B19C4900C2D299 /* Calculator-Info.plist */ = {isa = PBXFileReference; lastKnownFileType = text.plist.xml; path = "Calculator-Info.plist"; sourceTree = "<group>"; };
		5B4D54EC15B19C4900C2D299 /* en */ = {isa = PBXFileReference; lastKnownFileType = text.plist.strings; name = en; path = en.lproj/InfoPlist.strings; sourceTree = "<group>"; };
		5B4D54EE15B19C4900C2D299 /* main.m */ = {isa = PBXFileReference; lastKnownFileType = sourcecode.c.objc; path = main.m; sourceTree = "<group>"; };
		5B4D54F015B19C4900C2D299 /* Calculator-Prefix.pch */ = {isa = PBXFileReference; lastKnownFileType = sourcecode.c.h; path = "Calculator-Prefix.pch"; sourceTree = "<group>"; };
		5B4D54F115B19C4900C2D299 /* CalculatorAppDelegate.h */ = {isa = PBXFileReference; lastKnownFileType = sourcecode.c.h; path = CalculatorAppDelegate.h; sourceTree = "<group>"; };
		5B4D54F215B19C4900C2D299 /* CalculatorAppDelegate.m */ = {isa = PBXFileReference; lastKnownFileType = sourcecode.c.objc; path = CalculatorAppDelegate.m; sourceTree = "<group>"; };
		5B4D54F515B19C4900C2D299 /* en */ = {isa = PBXFileReference; lastKnownFileType = file.storyboard; name = en; path = en.lproj/MainStoryboard.storyboard; sourceTree = "<group>"; };
		5B4D54F715B19C4900C2D299 /* CalculatorViewController.h */ = {isa = PBXFileReference; lastKnownFileType = sourcecode.c.h; path = CalculatorViewController.h; sourceTree = "<group>"; };
		5B4D54F815B19C4A00C2D299 /* CalculatorViewController.m */ = {isa = PBXFileReference; lastKnownFileType = sourcecode.c.objc; path = CalculatorViewController.m; sourceTree = "<group>"; };
		5B4D54FF15B1A8FB00C2D299 /* CalculatorBrain.h */ = {isa = PBXFileReference; fileEncoding = 4; lastKnownFileType = sourcecode.c.h; path = CalculatorBrain.h; sourceTree = "<group>"; };
		5B4D550015B1A8FB00C2D299 /* CalculatorBrain.m */ = {isa = PBXFileReference; fileEncoding = 4; lastKnownFileType = sourcecode.c.objc; path = CalculatorBrain.m; sourceTree = "<group>"; };
/* End PBXFileReference section */

/* Begin PBXFrameworksBuildPhase section */
		5B4D54DB15B19C4900C2D299 /* Frameworks */ = {
			isa = PBXFrameworksBuildPhase;
			buildActionMask = 2147483647;
			files = (
				5B4D54E315B19C4900C2D299 /* UIKit.framework in Frameworks */,
				5B4D54E515B19C4900C2D299 /* Foundation.framework in Frameworks */,
				5B4D54E715B19C4900C2D299 /* CoreGraphics.framework in Frameworks */,
			);
			runOnlyForDeploymentPostprocessing = 0;
		};
/* End PBXFrameworksBuildPhase section */

/* Begin PBXGroup section */
		5B4D54D315B19C4900C2D299 = {
			isa = PBXGroup;
			children = (
				5B4D54E815B19C4900C2D299 /* Calculator */,
				5B4D54E115B19C4900C2D299 /* Frameworks */,
				5B4D54DF15B19C4900C2D299 /* Products */,
			);
			sourceTree = "<group>";
		};
		5B4D54DF15B19C4900C2D299 /* Products */ = {
			isa = PBXGroup;
			children = (
				5B4D54DE15B19C4900C2D299 /* Calculator.app */,
			);
			name = Products;
			sourceTree = "<group>";
		};
		5B4D54E115B19C4900C2D299 /* Frameworks */ = {
			isa = PBXGroup;
			children = (
				5B4D54E215B19C4900C2D299 /* UIKit.framework */,
				5B4D54E415B19C4900C2D299 /* Foundation.framework */,
				5B4D54E615B19C4900C2D299 /* CoreGraphics.framework */,
			);
			name = Frameworks;
			sourceTree = "<group>";
		};
		5B4D54E815B19C4900C2D299 /* Calculator */ = {
			isa = PBXGroup;
			children = (
				5B4D54F115B19C4900C2D299 /* CalculatorAppDelegate.h */,
				5B4D54F215B19C4900C2D299 /* CalculatorAppDelegate.m */,
				5B4D54F415B19C4900C2D299 /* MainStoryboard.storyboard */,
				5B4D54FF15B1A8FB00C2D299 /* CalculatorBrain.h */,
				5B4D550015B1A8FB00C2D299 /* CalculatorBrain.m */,
				5B4D54F715B19C4900C2D299 /* CalculatorViewController.h */,
				5B4D54F815B19C4A00C2D299 /* CalculatorViewController.m */,
				5B4D54E915B19C4900C2D299 /* Supporting Files */,
			);
			path = Calculator;
			sourceTree = "<group>";
		};
		5B4D54E915B19C4900C2D299 /* Supporting Files */ = {
			isa = PBXGroup;
			children = (
				5B4D54EA15B19C4900C2D299 /* Calculator-Info.plist */,
				5B4D54EB15B19C4900C2D299 /* InfoPlist.strings */,
				5B4D54EE15B19C4900C2D299 /* main.m */,
				5B4D54F015B19C4900C2D299 /* Calculator-Prefix.pch */,
			);
			name = "Supporting Files";
			sourceTree = "<group>";
		};
/* End PBXGroup section */

/* Begin PBXNativeTarget section */
		5B4D54DD15B19C4900C2D299 /* Calculator */ = {
			isa = PBXNativeTarget;
			buildConfigurationList = 5B4D54FC15B19C4A00C2D299 /* Build configuration list for PBXNativeTarget "Calculator" */;
			buildPhases = (
				5B4D54DA15B19C4900C2D299 /* Sources */,
				5B4D54DB15B19C4900C2D299 /* Frameworks */,
				5B4D54DC15B19C4900C2D299 /* Resources */,
			);
			buildRules = (
			);
			dependencies = (
			);
			name = Calculator;
			productName = Calculator;
			productReference = 5B4D54DE15B19C4900C2D299 /* Calculator.app */;
			productType = "com.apple.product-type.application";
		};
/* End PBXNativeTarget section */

/* Begin PBXProject section */
		5B4D54D515B19C4900C2D299 /* Project object */ = {
			isa = PBXProject;
			attributes = {
				CLASSPREFIX = Calculator;
				LastUpgradeCheck = 0430;
				ORGANIZATIONNAME = m2m;
			};
			buildConfigurationList = 5B4D54D815B19C4900C2D299 /* Build configuration list for PBXProject "Calculator" */;
			compatibilityVersion = "Xcode 3.2";
			developmentRegion = English;
			hasScannedForEncodings = 0;
			knownRegions = (
				en,
			);
			mainGroup = 5B4D54D315B19C4900C2D299;
			productRefGroup = 5B4D54DF15B19C4900C2D299 /* Products */;
			projectDirPath = "";
			projectRoot = "";
			targets = (
				5B4D54DD15B19C4900C2D299 /* Calculator */,
			);
		};
/* End PBXProject section */

/* Begin PBXResourcesBuildPhase section */
		5B4D54DC15B19C4900C2D299 /* Resources */ = {
			isa = PBXResourcesBuildPhase;
			buildActionMask = 2147483647;
			files = (
				5B4D54ED15B19C4900C2D299 /* InfoPlist.strings in Resources */,
				5B4D54F615B19C4900C2D299 /* MainStoryboard.storyboard in Resources */,
			);
			runOnlyForDeploymentPostprocessing = 0;
		};
/* End PBXResourcesBuildPhase section */

/* Begin PBXSourcesBuildPhase section */
		5B4D54DA15B19C4900C2D299 /* Sources */ = {
			isa = PBXSourcesBuildPhase;
			buildActionMask = 2147483647;
			files = (
				5B4D54EF15B19C4900C2D299 /* main.m in Sources */,
				5B4D54F315B19C4900C2D299 /* CalculatorAppDelegate.m in Sources */,
				5B4D54F915B19C4A00C2D299 /* CalculatorViewController.m in Sources */,
				5B4D550115B1A8FB00C2D299 /* CalculatorBrain.m in Sources */,
			);
			runOnlyForDeploymentPostprocessing = 0;
		};
/* End PBXSourcesBuildPhase section */

/* Begin PBXVariantGroup section */
		5B4D54EB15B19C4900C2D299 /* InfoPlist.strings */ = {
			isa = PBXVariantGroup;
			children = (
				5B4D54EC15B19C4900C2D299 /* en */,
			);
			name = InfoPlist.strings;
			sourceTree = "<group>";
		};
		5B4D54F415B19C4900C2D299 /* MainStoryboard.storyboard */ = {
			isa = PBXVariantGroup;
			children = (
				5B4D54F515B19C4900C2D299 /* en */,
			);
			name = MainStoryboard.storyboard;
			sourceTree = "<group>";
		};
/* End PBXVariantGroup section */

/* Begin XCBuildConfiguration section */
		5B4D54FA15B19C4A00C2D299 /* Debug */ = {
			isa = XCBuildConfiguration;
			buildSettings = {
				ALWAYS_SEARCH_USER_PATHS = NO;
				ARCHS = "$(ARCHS_STANDARD_32_BIT)";
				CLANG_ENABLE_OBJC_ARC = YES;
				"CODE_SIGN_IDENTITY[sdk=iphoneos*]" = "iPhone Developer";
				COPY_PHASE_STRIP = NO;
				GCC_C_LANGUAGE_STANDARD = gnu99;
				GCC_DYNAMIC_NO_PIC = NO;
				GCC_OPTIMIZATION_LEVEL = 0;
				GCC_PREPROCESSOR_DEFINITIONS = (
					"DEBUG=1",
					"$(inherited)",
				);
				GCC_SYMBOLS_PRIVATE_EXTERN = NO;
				GCC_VERSION = com.apple.compilers.llvm.clang.1_0;
				GCC_WARN_ABOUT_RETURN_TYPE = YES;
				GCC_WARN_UNINITIALIZED_AUTOS = YES;
				GCC_WARN_UNUSED_VARIABLE = YES;
				IPHONEOS_DEPLOYMENT_TARGET = 5.1;
				SDKROOT = iphoneos;
			};
			name = Debug;
		};
		5B4D54FB15B19C4A00C2D299 /* Release */ = {
			isa = XCBuildConfiguration;
			buildSettings = {
				ALWAYS_SEARCH_USER_PATHS = NO;
				ARCHS = "$(ARCHS_STANDARD_32_BIT)";
				CLANG_ENABLE_OBJC_ARC = YES;
				"CODE_SIGN_IDENTITY[sdk=iphoneos*]" = "iPhone Developer";
				COPY_PHASE_STRIP = YES;
				GCC_C_LANGUAGE_STANDARD = gnu99;
				GCC_VERSION = com.apple.compilers.llvm.clang.1_0;
				GCC_WARN_ABOUT_RETURN_TYPE = YES;
				GCC_WARN_UNINITIALIZED_AUTOS = YES;
				GCC_WARN_UNUSED_VARIABLE = YES;
				IPHONEOS_DEPLOYMENT_TARGET = 5.1;
				OTHER_CFLAGS = "-DNS_BLOCK_ASSERTIONS=1";
				SDKROOT = iphoneos;
				VALIDATE_PRODUCT = YES;
			};
			name = Release;
		};
		5B4D54FD15B19C4A00C2D299 /* Debug */ = {
			isa = XCBuildConfiguration;
			buildSettings = {
				GCC_PRECOMPILE_PREFIX_HEADER = YES;
				GCC_PREFIX_HEADER = "Calculator/Calculator-Prefix.pch";
				INFOPLIST_FILE = "Calculator/Calculator-Info.plist";
				PRODUCT_NAME = "$(TARGET_NAME)";
				WRAPPER_EXTENSION = app;
			};
			name = Debug;
		};
		5B4D54FE15B19C4A00C2D299 /* Release */ = {
			isa = XCBuildConfiguration;
			buildSettings = {
				GCC_PRECOMPILE_PREFIX_HEADER = YES;
				GCC_PREFIX_HEADER = "Calculator/Calculator-Prefix.pch";
				INFOPLIST_FILE = "Calculator/Calculator-Info.plist";
				PRODUCT_NAME = "$(TARGET_NAME)";
				WRAPPER_EXTENSION = app;
			};
			name = Release;
		};
/* End XCBuildConfiguration section */

/* Begin XCConfigurationList section */
		5B4D54D815B19C4900C2D299 /* Build configuration list for PBXProject "Calculator" */ = {
			isa = XCConfigurationList;
			buildConfigurations = (
				5B4D54FA15B19C4A00C2D299 /* Debug */,
				5B4D54FB15B19C4A00C2D299 /* Release */,
			);
			defaultConfigurationIsVisible = 0;
			defaultConfigurationName = Release;
		};
		5B4D54FC15B19C4A00C2D299 /* Build configuration list for PBXNativeTarget "Calculator" */ = {
			isa = XCConfigurationList;
			buildConfigurations = (
				5B4D54FD15B19C4A00C2D299 /* Debug */,
				5B4D54FE15B19C4A00C2D299 /* Release */,
			);
			defaultConfigurationIsVisible = 0;
		};
/* End XCConfigurationList section */
	};
	rootObject = 5B4D54D515B19C4900C2D299 /* Project object */;
}
